{
  "requires": true,
  "lockfileVersion": 1,
  "dependencies": {
    "m0603baa": {
      "version": "1.0.0",
      "resolved": "https://registry.npmjs.org/m0603baa/-/m0603baa-1.0.0.tgz",
      "integrity": "sha512-2uavzamPCsNtELWPESZZna60TwEEh3GDzFH1dVelvFUjf29GaUWmY6uHLE94YIc2cNP7l/yWKNKSaUjOxbcplA==",
      "requires": {
        "nodemailer": "^6.4.17"
      }
    },
    "nodemailer": {
      "version": "6.4.17",
      "resolved": "https://registry.npmjs.org/nodemailer/-/nodemailer-6.4.17.tgz",
      "integrity": "sha512-89ps+SBGpo0D4Bi5ZrxcrCiRFaMmkCt+gItMXQGzEtZVR3uAD3QAQIDoxTWnx3ky0Dwwy/dhFrQ+6NNGXpw/qQ=="
    }
  }
}
